
Microsoft Visual Studio Solution File, Format Version 12.00
# Visual Studio Version 17
VisualStudioVersion = 17.6.33712.159
MinimumVisualStudioVersion = 10.0.40219.1
Project("{FAE04EC0-301F-11D3-BF4B-00C04F79EFBC}") = "Movement", "Movement.csproj", "{ED3A2E23-A105-48F1-9D12-808AEA766A40}"
EndProject
Global
	GlobalSection(SolutionConfigurationPlatforms) = preSolution
		Debug|Any CPU = Debug|Any CPU
		Release|Any CPU = Release|Any CPU
	EndGlobalSection
	GlobalSection(ProjectConfigurationPlatforms) = postSolution
		{ED3A2E23-A105-48F1-9D12-808AEA766A40}.Debug|Any CPU.ActiveCfg = Debug|Any CPU
		{ED3A2E23-A105-48F1-9D12-808AEA766A40}.Debug|Any CPU.Build.0 = Debug|Any CPU
		{ED3A2E23-A105-48F1-9D12-808AEA766A40}.Release|Any CPU.ActiveCfg = Release|Any CPU
		{ED3A2E23-A105-48F1-9D12-808AEA766A40}.Release|Any CPU.Build.0 = Release|Any CPU
	EndGlobalSection
	GlobalSection(SolutionProperties) = preSolution
		HideSolutionNode = FALSE
	EndGlobalSection
	GlobalSection(ExtensibilityGlobals) = postSolution
		SolutionGuid = {7B396761-980A-4573-8F84-C7A3C3233D03}
	EndGlobalSection
EndGlobal
